lockfileVersion: '9.0'

settings:
  autoInstallPeers: true
  excludeLinksFromLockfile: false

importers:

  .:
    dependencies:
      '@biomejs/biome':
        specifier: '>=2.0.2'
        version: 2.0.2

packages:

  '@biomejs/biome@2.0.2':
    resolution: {integrity: sha512-IEeXplI1jwI1NJLTW4Oj0ieyVaDtyAOnpZu567qd6JCBc64HmTSlmY9j/7lWK2cmfLvGv6fS6JNClT6VobzjmQ==}
    engines: {node: '>=14.21.3'}
    hasBin: true

  '@biomejs/cli-darwin-arm64@2.0.2':
    resolution: {integrity: sha512-WvVqZsNoxj0LpeQ2cbLdadJhkOJQzNSAlvTLyv+3I+f2dzGfVYwXi287qNtKey+E6axb6r7/bGvHjkWFb52Zgg==}
    engines: {node: '>=14.21.3'}
    cpu: [arm64]
    os: [darwin]

  '@biomejs/cli-darwin-x64@2.0.2':
    resolution: {integrity: sha512-nXSdNPJy5ufGK9EFls34lRWuecKJH4Elr1XzJ6IpK7RUv2ZnZdm5tZH285QjCbPjfshbclnMVQsZ3737VCgdLw==}
    engines: {node: '>=14.21.3'}
    cpu: [x64]
    os: [darwin]

  '@biomejs/cli-linux-arm64-musl@2.0.2':
    resolution: {integrity: sha512-clO+uWOxNxB+7urJEnf2WDJZmUiYgeQ2Q7by7QRoyrdlgJPlf6cD5C4HNKIE81Lxp/IQeTCb9wmCmfmcLmT5Pg==}
    engines: {node: '>=14.21.3'}
    cpu: [arm64]
    os: [linux]

  '@biomejs/cli-linux-arm64@2.0.2':
    resolution: {integrity: sha512-g8lyiOSPWldXeHF786ZoV3rgTUGnWIOMD/1trDDrLiiw5rTaGgs2i8gV3yx+5L4XCc3VM5nOhLUoRfs4uH837Q==}
    engines: {node: '>=14.21.3'}
    cpu: [arm64]
    os: [linux]

  '@biomejs/cli-linux-x64-musl@2.0.2':
    resolution: {integrity: sha512-lU96qsV96whk+cGrZtvysNbL05BFx1CtM18VOl257o2Dzb5HjKUjLuKwVRl9rnLjvuuuhNaFtsPqucPvf9chiQ==}
    engines: {node: '>=14.21.3'}
    cpu: [x64]
    os: [linux]

  '@biomejs/cli-linux-x64@2.0.2':
    resolution: {integrity: sha512-1sE3manPkMd24RW83dkqheEYGUc0GF3sPgd7wrqaXu4xSaCvg2fbObSnFbDTUw0NuUNmR0XhvdlczbB8hsxspQ==}
    engines: {node: '>=14.21.3'}
    cpu: [x64]
    os: [linux]

  '@biomejs/cli-win32-arm64@2.0.2':
    resolution: {integrity: sha512-LkrKxh/cf5z5zGFxPNV9ZcroT2yoZE6IJ6Z+2Bq4FSKOsmqnSkeEH5tQ20Km4ERXfhOvEvJYjbTYHPHr12eGCA==}
    engines: {node: '>=14.21.3'}
    cpu: [arm64]
    os: [win32]

  '@biomejs/cli-win32-x64@2.0.2':
    resolution: {integrity: sha512-eI1/Ubb5BOLGwA/RNNZYyAjlhOr6K2Gk3ERQ6levG36FRZH9pK4n5Syby3fhFQzzWtEVMkFcktOHjyiwtPmiuQ==}
    engines: {node: '>=14.21.3'}
    cpu: [x64]
    os: [win32]

snapshots:

  '@biomejs/biome@2.0.2':
    optionalDependencies:
      '@biomejs/cli-darwin-arm64': 2.0.2
      '@biomejs/cli-darwin-x64': 2.0.2
      '@biomejs/cli-linux-arm64': 2.0.2
      '@biomejs/cli-linux-arm64-musl': 2.0.2
      '@biomejs/cli-linux-x64': 2.0.2
      '@biomejs/cli-linux-x64-musl': 2.0.2
      '@biomejs/cli-win32-arm64': 2.0.2
      '@biomejs/cli-win32-x64': 2.0.2

  '@biomejs/cli-darwin-arm64@2.0.2':
    optional: true

  '@biomejs/cli-darwin-x64@2.0.2':
    optional: true

  '@biomejs/cli-linux-arm64-musl@2.0.2':
    optional: true

  '@biomejs/cli-linux-arm64@2.0.2':
    optional: true

  '@biomejs/cli-linux-x64-musl@2.0.2':
    optional: true

  '@biomejs/cli-linux-x64@2.0.2':
    optional: true

  '@biomejs/cli-win32-arm64@2.0.2':
    optional: true

  '@biomejs/cli-win32-x64@2.0.2':
    optional: true
